
Microsoft Visual Studio Solution File, Format Version 12.00
# Visual Studio Version 17
VisualStudioVersion = 17.0.31903.59
MinimumVisualStudioVersion = 10.0.40219.1
Project("{FAE04EC0-301F-11D3-BF4B-00C04F79EFBC}") = "ElinOSRSXP", "ElinOSRSXP\ElinOSRSXP.csproj", "{DF38E5E9-44CF-4FD2-B733-6A80932F36BE}"
EndProject
Project("{FAE04EC0-301F-11D3-BF4B-00C04F79EFBC}") = "CatsGoods", "CatsGoods\CatsGoods.csproj", "{EE70569F-3CCB-4C76-9561-10EAFFE24757}"
EndProject
Project("{FAE04EC0-301F-11D3-BF4B-00C04F79EFBC}") = "offer_without_limit", "offer_without_limit\offer_without_limit.csproj", "{C868F785-8F26-44B6-ADBD-CE44C34F3ACF}"
EndProject
Project("{FAE04EC0-301F-11D3-BF4B-00C04F79EFBC}") = "GanExtendDisplay", "GanExtendDisplay\GanExtendDisplay.csproj", "{47D5F921-C527-4AF6-9C09-65D4298DBF58}"
EndProject
Project("{FAE04EC0-301F-11D3-BF4B-00C04F79EFBC}") = "SomeHelpfulMods", "SomeHelpfulMods\SomeHelpfulMods.csproj", "{2687FBD7-27A9-44B8-B6C6-4DDDDB5CAE3E}"
EndProject
Project("{FAE04EC0-301F-11D3-BF4B-00C04F79EFBC}") = "YKDevTool", "YKDevTool\YKDevTool.csproj", "{7156D72B-F0A8-4E17-BBDF-F190DA599233}"
EndProject
Project("{FAE04EC0-301F-11D3-BF4B-00C04F79EFBC}") = "YKFramework", "YKFramework\YKFramework.csproj", "{78B4728D-7E45-4A71-B2D9-EC5B9092BB00}"
EndProject
Project("{FAE04EC0-301F-11D3-BF4B-00C04F79EFBC}") = "AutoExplorerEx", "AutoExplorerEx\AutoExplorerEx.csproj", "{9A2AA409-1860-4A22-A7BA-5B0D706CF86D}"
EndProject
Project("{FAE04EC0-301F-11D3-BF4B-00C04F79EFBC}") = "Neutron3529", "Neutron3529\Neutron3529.csproj", "{15F5486C-CF74-4482-9C0C-760A0C12C3D5}"
EndProject
Global
	GlobalSection(SolutionConfigurationPlatforms) = preSolution
		Debug|Any CPU = Debug|Any CPU
		Release|Any CPU = Release|Any CPU
	EndGlobalSection
	GlobalSection(SolutionProperties) = preSolution
		HideSolutionNode = FALSE
	EndGlobalSection
	GlobalSection(ProjectConfigurationPlatforms) = postSolution
		{DF38E5E9-44CF-4FD2-B733-6A80932F36BE}.Debug|Any CPU.ActiveCfg = Debug|Any CPU
		{DF38E5E9-44CF-4FD2-B733-6A80932F36BE}.Debug|Any CPU.Build.0 = Debug|Any CPU
		{DF38E5E9-44CF-4FD2-B733-6A80932F36BE}.Release|Any CPU.ActiveCfg = Release|Any CPU
		{DF38E5E9-44CF-4FD2-B733-6A80932F36BE}.Release|Any CPU.Build.0 = Release|Any CPU
		{EE70569F-3CCB-4C76-9561-10EAFFE24757}.Debug|Any CPU.ActiveCfg = Debug|Any CPU
		{EE70569F-3CCB-4C76-9561-10EAFFE24757}.Debug|Any CPU.Build.0 = Debug|Any CPU
		{EE70569F-3CCB-4C76-9561-10EAFFE24757}.Release|Any CPU.ActiveCfg = Release|Any CPU
		{EE70569F-3CCB-4C76-9561-10EAFFE24757}.Release|Any CPU.Build.0 = Release|Any CPU
		{C868F785-8F26-44B6-ADBD-CE44C34F3ACF}.Debug|Any CPU.ActiveCfg = Debug|Any CPU
		{C868F785-8F26-44B6-ADBD-CE44C34F3ACF}.Debug|Any CPU.Build.0 = Debug|Any CPU
		{C868F785-8F26-44B6-ADBD-CE44C34F3ACF}.Release|Any CPU.ActiveCfg = Release|Any CPU
		{C868F785-8F26-44B6-ADBD-CE44C34F3ACF}.Release|Any CPU.Build.0 = Release|Any CPU
		{47D5F921-C527-4AF6-9C09-65D4298DBF58}.Debug|Any CPU.ActiveCfg = Debug|Any CPU
		{47D5F921-C527-4AF6-9C09-65D4298DBF58}.Debug|Any CPU.Build.0 = Debug|Any CPU
		{47D5F921-C527-4AF6-9C09-65D4298DBF58}.Release|Any CPU.ActiveCfg = Release|Any CPU
		{47D5F921-C527-4AF6-9C09-65D4298DBF58}.Release|Any CPU.Build.0 = Release|Any CPU
		{2687FBD7-27A9-44B8-B6C6-4DDDDB5CAE3E}.Debug|Any CPU.ActiveCfg = Debug|Any CPU
		{2687FBD7-27A9-44B8-B6C6-4DDDDB5CAE3E}.Debug|Any CPU.Build.0 = Debug|Any CPU
		{2687FBD7-27A9-44B8-B6C6-4DDDDB5CAE3E}.Release|Any CPU.ActiveCfg = Release|Any CPU
		{2687FBD7-27A9-44B8-B6C6-4DDDDB5CAE3E}.Release|Any CPU.Build.0 = Release|Any CPU
		{7156D72B-F0A8-4E17-BBDF-F190DA599233}.Debug|Any CPU.ActiveCfg = Debug|Any CPU
		{7156D72B-F0A8-4E17-BBDF-F190DA599233}.Debug|Any CPU.Build.0 = Debug|Any CPU
		{7156D72B-F0A8-4E17-BBDF-F190DA599233}.Release|Any CPU.ActiveCfg = Release|Any CPU
		{7156D72B-F0A8-4E17-BBDF-F190DA599233}.Release|Any CPU.Build.0 = Release|Any CPU
		{78B4728D-7E45-4A71-B2D9-EC5B9092BB00}.Debug|Any CPU.ActiveCfg = Debug|Any CPU
		{78B4728D-7E45-4A71-B2D9-EC5B9092BB00}.Debug|Any CPU.Build.0 = Debug|Any CPU
		{78B4728D-7E45-4A71-B2D9-EC5B9092BB00}.Release|Any CPU.ActiveCfg = Release|Any CPU
		{78B4728D-7E45-4A71-B2D9-EC5B9092BB00}.Release|Any CPU.Build.0 = Release|Any CPU
		{9A2AA409-1860-4A22-A7BA-5B0D706CF86D}.Debug|Any CPU.ActiveCfg = Debug|Any CPU
		{9A2AA409-1860-4A22-A7BA-5B0D706CF86D}.Debug|Any CPU.Build.0 = Debug|Any CPU
		{9A2AA409-1860-4A22-A7BA-5B0D706CF86D}.Release|Any CPU.ActiveCfg = Release|Any CPU
		{9A2AA409-1860-4A22-A7BA-5B0D706CF86D}.Release|Any CPU.Build.0 = Release|Any CPU
		{15F5486C-CF74-4482-9C0C-760A0C12C3D5}.Debug|Any CPU.ActiveCfg = Debug|Any CPU
		{15F5486C-CF74-4482-9C0C-760A0C12C3D5}.Debug|Any CPU.Build.0 = Debug|Any CPU
		{15F5486C-CF74-4482-9C0C-760A0C12C3D5}.Release|Any CPU.ActiveCfg = Release|Any CPU
		{15F5486C-CF74-4482-9C0C-760A0C12C3D5}.Release|Any CPU.Build.0 = Release|Any CPU
	EndGlobalSection
EndGlobal
